{
  "version": 4,
  "terraform_version": "1.6.6",
  "serial": 220,
  "lineage": "6f238fda-b2cd-8df1-6c75-f5297b3a23f6",
  "outputs": {
    "ec2_bastion_eip": {
      "value": "3.223.200.47",
      "type": "string"
    },
    "ec2_bastion_public_instance_ids": {
      "value": "i-0ce528b8e67aac52e",
      "type": "string"
    }
  },
  "resources": [
    {
      "mode": "data",
      "type": "aws_ami",
      "name": "amzlinux2",
      "provider": "provider[\"registry.terraform.io/hashicorp/aws\"]",
      "instances": [
        {
          "schema_version": 0,
          "attributes": {
            "architecture": "x86_64",
            "arn": "arn:aws:ec2:us-east-1::image/ami-0b3aef6bc281a13b2",
            "block_device_mappings": [
              {
                "device_name": "/dev/xvda",
                "ebs": {
                  "delete_on_termination": "true",
                  "encrypted": "false",
                  "iops": "0",
                  "snapshot_id": "snap-06b4e200cf242086f",
                  "throughput": "0",
                  "volume_size": "8",
                  "volume_type": "gp2"
                },
                "no_device": "",
                "virtual_name": ""
              }
            ],
            "creation_date": "2024-06-11T01:12:07.000Z",
            "description": "Amazon Linux 2 AMI 2.0.20240610.1 x86_64 HVM gp2",
            "ena_support": true,
            "executable_users": null,
            "filter": [
              {
                "name": "architecture",
                "values": [
                  "x86_64"
                ]
              },
              {
                "name": "name",
                "values": [
                  "amzn2-ami-hvm-*-gp2"
                ]
              },
              {
                "name": "root-device-type",
                "values": [
                  "ebs"
                ]
              },
              {
                "name": "virtualization-type",
                "values": [
                  "hvm"
                ]
              }
            ],
            "hypervisor": "xen",
            "id": "ami-0b3aef6bc281a13b2",
            "image_id": "ami-0b3aef6bc281a13b2",
            "image_location": "amazon/amzn2-ami-hvm-2.0.20240610.1-x86_64-gp2",
            "image_owner_alias": "amazon",
            "image_type": "machine",
            "kernel_id": null,
            "most_recent": true,
            "name": "amzn2-ami-hvm-2.0.20240610.1-x86_64-gp2",
            "name_regex": null,
            "owner_id": "137112412989",
            "owners": [
              "amazon"
            ],
            "platform": null,
            "platform_details": "Linux/UNIX",
            "product_codes": [],
            "public": true,
            "ramdisk_id": null,
            "root_device_name": "/dev/xvda",
            "root_device_type": "ebs",
            "root_snapshot_id": "snap-06b4e200cf242086f",
            "sriov_net_support": "simple",
            "state": "available",
            "state_reason": {
              "code": "UNSET",
              "message": "UNSET"
            },
            "tags": {},
            "usage_operation": "RunInstances",
            "virtualization_type": "hvm"
          },
          "sensitive_attributes": []
        }
      ]
    },
    {
      "mode": "data",
      "type": "terraform_remote_state",
      "name": "eks",
      "provider": "provider[\"terraform.io/builtin/terraform\"]",
      "instances": [
        {
          "schema_version": 0,
          "attributes": {
            "backend": "s3",
            "config": {
              "value": {
                "bucket": "terraform-on-aws-eks-kemgou",
                "key": "dev/eks-cluster/terraform.tfstate",
                "region": "us-east-1"
              },
              "type": [
                "object",
                {
                  "bucket": "string",
                  "key": "string",
                  "region": "string"
                }
              ]
            },
            "defaults": null,
            "outputs": {
              "value": {
                "aws_iam_openid_connect_provider_arn": "arn:aws:iam::262485716661:oidc-provider/oidc.eks.us-east-1.amazonaws.com/id/2F1F39A8A69CBE2EB738579D145B7EA9",
                "aws_iam_openid_connect_provider_extract_from_arn": "oidc.eks.us-east-1.amazonaws.com/id/2F1F39A8A69CBE2EB738579D145B7EA9",
                "azs": [
                  "us-east-1a",
                  "us-east-1b",
                  "us-east-1c",
                  "us-east-1d",
                  "us-east-1e",
                  "us-east-1f"
                ],
                "cluster_arn": "arn:aws:eks:us-east-1:262485716661:cluster/hr-dev-eksdemo1",
                "cluster_certificate_authority_data": "LS0tLS1CRUdJTiBDRVJUSUZJQ0FURS0tLS0tCk1JSURCVENDQWUyZ0F3SUJBZ0lJWkVDTDFIMkJnS293RFFZSktvWklodmNOQVFFTEJRQXdGVEVUTUJFR0ExVUUKQXhNS2EzVmlaWEp1WlhSbGN6QWVGdzB5TkRBMk1UTXdPVEkxTWpsYUZ3MHpOREEyTVRFd09UTXdNamxhTUJVeApFekFSQmdOVkJBTVRDbXQxWW1WeWJtVjBaWE13Z2dFaU1BMEdDU3FHU0liM0RRRUJBUVVBQTRJQkR3QXdnZ0VLCkFvSUJBUUNuUnhBWnNvUVdzTC9YdVAyd0ROY1VRYmlVY0wxd3lONTNtNHQ4OHIwVnRNa2UxaytQcURYSU9vRHAKMlJoOUdFRDlGL3lPRjJqNVVEWDcremRFT1FYMVBZdlpSMHR4THF5QjRndnlWR1BrK1VRY0ZDaFdOKzdTNDdyLwpDRU03dDdlbm9WZFBNRGdOUGs2YnpESHlXaDFzaVFqNzF3QkMxZUJ2TCszNjYvbTV0WXN0ZEREdW85K1RudGdpCmE4TzMreDNQVjhUZ3ZsZW9tTFVOZGx1TmVPTEhiN3hxOGROd1o5M3M4bHQ3NzZmVk5JVkJaZDdTM3g3aUtwM1IKWXVqVGQ0MndzR1U2Sm1XZEJZbHNGVkMyWHNUQ1JDKzVjcHBIYTBTeEFod0JPTmxIb2RVKzgrOGw2N0dNM1dpdgpVQ1E1Z29kUkgyaCtLL1JJL05iMm15N0NsOVFoQWdNQkFBR2pXVEJYTUE0R0ExVWREd0VCL3dRRUF3SUNwREFQCkJnTlZIUk1CQWY4RUJUQURBUUgvTUIwR0ExVWREZ1FXQkJRSTdNZklUNTl6QlhlWUlTankrN3BCcmdvemxEQVYKQmdOVkhSRUVEakFNZ2dwcmRXSmxjbTVsZEdWek1BMEdDU3FHU0liM0RRRUJDd1VBQTRJQkFRQUJFbFBQYXB6MApXb0wzNStDOGk0VU5xY295ZW1jS3JNOUFna3ExU25lVU5yTDdDdnNpSldtRmxSWXNXWncydE9BOW1HQXdHUEdkCnJUS2t1N1N6a214cUhndEpMV1dMOERqNjJiaUZ3ZlNYSXBBdHFvd2VIKzhKWTBjYTI3aWlMblRBUytpWUZoZWYKTjd1Uyt0VHZDREs1S0lOTkxRV09DMEZKZjRsTWhqbjVsUTRpNEpUNVJ5dEpuY2ptVENJRFBpT3ZnTXZSb1RpTwpyY2hydVp1Y2JYaXlaVHp2bnpBMkg2T01TS1V1UnVOUS9uU2x3U1dKWUZOYklpYVBVSkE3ZGZnT01rdERzRFNQCkxFZWlBb3FnSjhleUI1RDhxaFlhc3BoT25jekRTeldBTDlUVXJaR2lVMldvTFVkSm1BVTNUSXR1ZjVqcmZDRmYKK1YzZEErTG1ubzU0Ci0tLS0tRU5EIENFUlRJRklDQVRFLS0tLS0K",
                "cluster_endpoint": "https://2F1F39A8A69CBE2EB738579D145B7EA9.gr7.us-east-1.eks.amazonaws.com",
                "cluster_iam_role_arn": "arn:aws:iam::262485716661:role/hr-dev-eks-master-role",
                "cluster_iam_role_name": "hr-dev-eks-master-role",
                "cluster_id": "hr-dev-eksdemo1",
                "cluster_oidc_issuer_url": "https://oidc.eks.us-east-1.amazonaws.com/id/2F1F39A8A69CBE2EB738579D145B7EA9",
                "cluster_primary_security_group_id": "sg-021d070ce35e322fd",
                "cluster_version": "1.29",
                "nat_public_ips": [
                  "44.212.207.253"
                ],
                "node_group_private_blue_arn": "arn:aws:eks:us-east-1:262485716661:nodegroup/hr-dev-eksdemo1/hr-dev-eks-ng-private_blue/56c80879-6d24-fba6-b9a3-c52d5ea074a5",
                "node_group_private_blue_id": "hr-dev-eksdemo1:hr-dev-eks-ng-private_blue",
                "node_group_private_blue_status": "ACTIVE",
                "node_group_private_blue_version": "1.29",
                "node_group_private_green_arn": "arn:aws:eks:us-east-1:262485716661:nodegroup/hr-dev-eksdemo1/hr-dev-eks-ng-private_green/0ac80879-6d24-4a69-f10d-dc1292db8a41",
                "node_group_private_green_id": "hr-dev-eksdemo1:hr-dev-eks-ng-private_green",
                "node_group_private_green_status": "ACTIVE",
                "node_group_private_green_version": "1.29",
                "nodegroup_iam_role_arn": "arn:aws:iam::262485716661:role/hr-dev-eks-nodegroup-role",
                "private_subnets": [
                  "subnet-0531520f050cdc6b0",
                  "subnet-0190303653cf583a9"
                ],
                "public_subnets": [
                  "subnet-0a91f4860bd41d564",
                  "subnet-0d416b25701e15b2d"
                ],
                "vpc_cidr_block": "10.0.0.0/16",
                "vpc_id": "vpc-0fe83ee4b5b9667a1"
              },
              "type": [
                "object",
                {
                  "aws_iam_openid_connect_provider_arn": "string",
                  "aws_iam_openid_connect_provider_extract_from_arn": "string",
                  "azs": [
                    "list",
                    "string"
                  ],
                  "cluster_arn": "string",
                  "cluster_certificate_authority_data": "string",
                  "cluster_endpoint": "string",
                  "cluster_iam_role_arn": "string",
                  "cluster_iam_role_name": "string",
                  "cluster_id": "string",
                  "cluster_oidc_issuer_url": "string",
                  "cluster_primary_security_group_id": "string",
                  "cluster_version": "string",
                  "nat_public_ips": [
                    "list",
                    "string"
                  ],
                  "node_group_private_blue_arn": "string",
                  "node_group_private_blue_id": "string",
                  "node_group_private_blue_status": "string",
                  "node_group_private_blue_version": "string",
                  "node_group_private_green_arn": "string",
                  "node_group_private_green_id": "string",
                  "node_group_private_green_status": "string",
                  "node_group_private_green_version": "string",
                  "nodegroup_iam_role_arn": "string",
                  "private_subnets": [
                    "tuple",
                    [
                      "string",
                      "string"
                    ]
                  ],
                  "public_subnets": [
                    "tuple",
                    [
                      "string",
                      "string"
                    ]
                  ],
                  "vpc_cidr_block": "string",
                  "vpc_id": "string"
                }
              ]
            },
            "workspace": null
          },
          "sensitive_attributes": []
        }
      ]
    },
    {
      "mode": "managed",
      "type": "aws_eip",
      "name": "bastion_eip",
      "provider": "provider[\"registry.terraform.io/hashicorp/aws\"]",
      "instances": [
        {
          "schema_version": 0,
          "attributes": {
            "address": null,
            "allocation_id": "eipalloc-09b0956d834a7068e",
            "associate_with_private_ip": null,
            "association_id": "eipassoc-00dced6ea5a557481",
            "carrier_ip": "",
            "customer_owned_ip": "",
            "customer_owned_ipv4_pool": "",
            "domain": "vpc",
            "id": "eipalloc-09b0956d834a7068e",
            "instance": "i-0ce528b8e67aac52e",
            "network_border_group": "us-east-1",
            "network_interface": "eni-052c7cee54dfd3d72",
            "private_dns": "ip-10-0-101-19.ec2.internal",
            "private_ip": "10.0.101.19",
            "public_dns": "ec2-3-223-200-47.compute-1.amazonaws.com",
            "public_ip": "3.223.200.47",
            "public_ipv4_pool": "amazon",
            "tags": {
              "environment": "dev",
              "owners": "hr"
            },
            "tags_all": {
              "environment": "dev",
              "owners": "hr"
            },
            "timeouts": null,
            "vpc": true
          },
          "sensitive_attributes": [],
          "private": "eyJlMmJmYjczMC1lY2FhLTExZTYtOGY4OC0zNDM2M2JjN2M0YzAiOnsiZGVsZXRlIjoxODAwMDAwMDAwMDAsInJlYWQiOjkwMDAwMDAwMDAwMCwidXBkYXRlIjozMDAwMDAwMDAwMDB9fQ==",
          "dependencies": [
            "data.aws_ami.amzlinux2",
            "data.terraform_remote_state.eks",
            "module.ec2_public.aws_instance.this",
            "module.ec2_public.aws_spot_instance_request.this",
            "module.public_bastion_sg.aws_security_group.this",
            "module.public_bastion_sg.aws_security_group.this_name_prefix"
          ]
        }
      ]
    },
    {
      "mode": "managed",
      "type": "null_resource",
      "name": "copy_ec2_keys",
      "provider": "provider[\"registry.terraform.io/hashicorp/null\"]",
      "instances": [
        {
          "schema_version": 0,
          "attributes": {
            "id": "6859329778653898317",
            "triggers": null
          },
          "sensitive_attributes": [],
          "dependencies": [
            "aws_eip.bastion_eip",
            "data.aws_ami.amzlinux2",
            "data.terraform_remote_state.eks",
            "module.ec2_public.aws_instance.this",
            "module.ec2_public.aws_spot_instance_request.this",
            "module.public_bastion_sg.aws_security_group.this",
            "module.public_bastion_sg.aws_security_group.this_name_prefix"
          ]
        }
      ]
    },
    {
      "module": "module.ec2_public",
      "mode": "managed",
      "type": "aws_instance",
      "name": "this",
      "provider": "provider[\"registry.terraform.io/hashicorp/aws\"]",
      "instances": [
        {
          "index_key": 0,
          "schema_version": 1,
          "attributes": {
            "ami": "ami-0b3aef6bc281a13b2",
            "arn": "arn:aws:ec2:us-east-1:262485716661:instance/i-0ce528b8e67aac52e",
            "associate_public_ip_address": true,
            "availability_zone": "us-east-1a",
            "capacity_reservation_specification": [
              {
                "capacity_reservation_preference": "open",
                "capacity_reservation_target": []
              }
            ],
            "cpu_core_count": 1,
            "cpu_threads_per_core": 2,
            "credit_specification": [
              {
                "cpu_credits": "unlimited"
              }
            ],
            "disable_api_termination": false,
            "ebs_block_device": [],
            "ebs_optimized": false,
            "enclave_options": [
              {
                "enabled": false
              }
            ],
            "ephemeral_block_device": [],
            "get_password_data": false,
            "hibernation": false,
            "host_id": null,
            "iam_instance_profile": "",
            "id": "i-0ce528b8e67aac52e",
            "instance_initiated_shutdown_behavior": "stop",
            "instance_state": "running",
            "instance_type": "t3.micro",
            "ipv6_address_count": 0,
            "ipv6_addresses": [],
            "key_name": "eks-terraform-key",
            "launch_template": [],
            "metadata_options": [
              {
                "http_endpoint": "enabled",
                "http_put_response_hop_limit": 1,
                "http_tokens": "optional",
                "instance_metadata_tags": "disabled"
              }
            ],
            "monitoring": false,
            "network_interface": [],
            "outpost_arn": "",
            "password_data": "",
            "placement_group": "",
            "placement_partition_number": null,
            "primary_network_interface_id": "eni-052c7cee54dfd3d72",
            "private_dns": "ip-10-0-101-19.ec2.internal",
            "private_ip": "10.0.101.19",
            "public_dns": "ec2-44-202-160-119.compute-1.amazonaws.com",
            "public_ip": "44.202.160.119",
            "root_block_device": [
              {
                "delete_on_termination": true,
                "device_name": "/dev/xvda",
                "encrypted": false,
                "iops": 100,
                "kms_key_id": "",
                "tags": {},
                "throughput": 0,
                "volume_id": "vol-0fd8663bd68aa1e7c",
                "volume_size": 8,
                "volume_type": "gp2"
              }
            ],
            "secondary_private_ips": [],
            "security_groups": [],
            "source_dest_check": true,
            "subnet_id": "subnet-0a91f4860bd41d564",
            "tags": {
              "Name": "hr-dev-BastionHost",
              "environment": "dev",
              "owners": "hr"
            },
            "tags_all": {
              "Name": "hr-dev-BastionHost",
              "environment": "dev",
              "owners": "hr"
            },
            "tenancy": "default",
            "timeouts": {
              "create": null,
              "delete": null,
              "update": null
            },
            "user_data": null,
            "user_data_base64": null,
            "volume_tags": {
              "Name": "hr-dev-BastionHost"
            },
            "vpc_security_group_ids": [
              "sg-03f3c61725ed084c4"
            ]
          },
          "sensitive_attributes": [],
          "private": "eyJlMmJmYjczMC1lY2FhLTExZTYtOGY4OC0zNDM2M2JjN2M0YzAiOnsiY3JlYXRlIjo2MDAwMDAwMDAwMDAsImRlbGV0ZSI6MTIwMDAwMDAwMDAwMCwidXBkYXRlIjo2MDAwMDAwMDAwMDB9LCJzY2hlbWFfdmVyc2lvbiI6IjEifQ==",
          "dependencies": [
            "data.aws_ami.amzlinux2",
            "data.terraform_remote_state.eks",
            "module.public_bastion_sg.aws_security_group.this",
            "module.public_bastion_sg.aws_security_group.this_name_prefix"
          ]
        }
      ]
    },
    {
      "module": "module.public_bastion_sg",
      "mode": "managed",
      "type": "aws_security_group",
      "name": "this_name_prefix",
      "provider": "provider[\"registry.terraform.io/hashicorp/aws\"]",
      "instances": [
        {
          "index_key": 0,
          "schema_version": 1,
          "attributes": {
            "arn": "arn:aws:ec2:us-east-1:262485716661:security-group/sg-03f3c61725ed084c4",
            "description": "Security Group with SSH port open for everybody (IPv4 CIDR), egress ports are all world open",
            "egress": [],
            "id": "sg-03f3c61725ed084c4",
            "ingress": [],
            "name": "hr-dev-public-bastion-sg-20240613111006267100000001",
            "name_prefix": "hr-dev-public-bastion-sg-",
            "owner_id": "262485716661",
            "revoke_rules_on_delete": false,
            "tags": {
              "Name": "hr-dev-public-bastion-sg",
              "environment": "dev",
              "owners": "hr"
            },
            "tags_all": {
              "Name": "hr-dev-public-bastion-sg",
              "environment": "dev",
              "owners": "hr"
            },
            "timeouts": {
              "create": "10m",
              "delete": "15m"
            },
            "vpc_id": "vpc-0fe83ee4b5b9667a1"
          },
          "sensitive_attributes": [],
          "private": "eyJlMmJmYjczMC1lY2FhLTExZTYtOGY4OC0zNDM2M2JjN2M0YzAiOnsiY3JlYXRlIjo2MDAwMDAwMDAwMDAsImRlbGV0ZSI6OTAwMDAwMDAwMDAwfSwic2NoZW1hX3ZlcnNpb24iOiIxIn0=",
          "dependencies": [
            "data.terraform_remote_state.eks"
          ],
          "create_before_destroy": true
        }
      ]
    },
    {
      "module": "module.public_bastion_sg",
      "mode": "managed",
      "type": "aws_security_group_rule",
      "name": "egress_rules",
      "provider": "provider[\"registry.terraform.io/hashicorp/aws\"]",
      "instances": [
        {
          "index_key": 0,
          "schema_version": 2,
          "attributes": {
            "cidr_blocks": [
              "0.0.0.0/0"
            ],
            "description": "All protocols",
            "from_port": -1,
            "id": "sgrule-1463450558",
            "ipv6_cidr_blocks": [
              "::/0"
            ],
            "prefix_list_ids": [],
            "protocol": "-1",
            "security_group_id": "sg-03f3c61725ed084c4",
            "self": false,
            "source_security_group_id": null,
            "to_port": -1,
            "type": "egress"
          },
          "sensitive_attributes": [],
          "private": "eyJzY2hlbWFfdmVyc2lvbiI6IjIifQ==",
          "dependencies": [
            "data.terraform_remote_state.eks",
            "module.public_bastion_sg.aws_security_group.this",
            "module.public_bastion_sg.aws_security_group.this_name_prefix"
          ]
        }
      ]
    },
    {
      "module": "module.public_bastion_sg",
      "mode": "managed",
      "type": "aws_security_group_rule",
      "name": "ingress_rules",
      "provider": "provider[\"registry.terraform.io/hashicorp/aws\"]",
      "instances": [
        {
          "index_key": 0,
          "schema_version": 2,
          "attributes": {
            "cidr_blocks": [
              "0.0.0.0/0"
            ],
            "description": "SSH",
            "from_port": 22,
            "id": "sgrule-263223320",
            "ipv6_cidr_blocks": [],
            "prefix_list_ids": [],
            "protocol": "tcp",
            "security_group_id": "sg-03f3c61725ed084c4",
            "self": false,
            "source_security_group_id": null,
            "to_port": 22,
            "type": "ingress"
          },
          "sensitive_attributes": [],
          "private": "eyJzY2hlbWFfdmVyc2lvbiI6IjIifQ==",
          "dependencies": [
            "data.terraform_remote_state.eks",
            "module.public_bastion_sg.aws_security_group.this",
            "module.public_bastion_sg.aws_security_group.this_name_prefix"
          ]
        }
      ]
    }
  ],
  "check_results": null
}
