{
  "version": 4,
  "terraform_version": "1.6.6",
  "serial": 14,
  "lineage": "68f3c548-d6cd-9636-3c8e-e0e551816f12",
  "outputs": {
    "account_id": {
      "value": "262485716661",
      "type": "string"
    }
  },
  "resources": [
    {
      "mode": "data",
      "type": "aws_caller_identity",
      "name": "current",
      "provider": "provider[\"registry.terraform.io/hashicorp/aws\"]",
      "instances": [
        {
          "schema_version": 0,
          "attributes": {
            "account_id": "262485716661",
            "arn": "arn:aws:iam::262485716661:user/aj",
            "id": "262485716661",
            "user_id": "AIDAT2HK6F22UKCPVWO4S"
          },
          "sensitive_attributes": []
        }
      ]
    },
    {
      "mode": "data",
      "type": "aws_eks_cluster",
      "name": "cluster",
      "provider": "provider[\"registry.terraform.io/hashicorp/aws\"]",
      "instances": [
        {
          "schema_version": 0,
          "attributes": {
            "access_config": [
              {
                "authentication_mode": "CONFIG_MAP"
              }
            ],
            "arn": "arn:aws:eks:us-east-1:262485716661:cluster/hr-dev-eksdemo1",
            "certificate_authority": [
              {
                "data": "LS0tLS1CRUdJTiBDRVJUSUZJQ0FURS0tLS0tCk1JSURCVENDQWUyZ0F3SUJBZ0lJQ1RtMlBuUjJ4NG93RFFZSktvWklodmNOQVFFTEJRQXdGVEVUTUJFR0ExVUUKQXhNS2EzVmlaWEp1WlhSbGN6QWVGdzB5TkRBMU1EUXdOelUxTVROYUZ3MHpOREExTURJd09EQXdNVE5hTUJVeApFekFSQmdOVkJBTVRDbXQxWW1WeWJtVjBaWE13Z2dFaU1BMEdDU3FHU0liM0RRRUJBUVVBQTRJQkR3QXdnZ0VLCkFvSUJBUUM2aUtXdUltL0piV2lHQ1FVazBycFdMSHcvQ1haNDYzMmVQNi9pTTdzNnBvOCsrWUovS0gwSmpnOTAKeDUrN1l4eGU2TGVQRHg5UGRabjNqZ2lQRHpmdS9oZlhmdlJzY01kN0ZhejRxc0NkWThzZjJHVUc0YUVPUUZNRQpjWFBoekVubFpzbldjNGlZMExMbWtmMk0wL01Sd3A2ZHNzOGFyR0R0ZGNtTitKL3E5N2RoWU81MTU5WmJvTDVFCnl3a3Btcy9ocXN2aitmeGVwR0hoanF5UTdlTlpwVW5SVVhkck9aOWtVdEh0V0RlTW9VcmtGRDJVTC9yaHhEcHgKaU8yUnZHTGNRSG9NODFyVkJqNTBXM3k5VEcwU2hGb3BBOCtTenpnbU10VGxRRmF0V2ptWXY2NUg1cGdVSU1xaAoyUWFuOFNFQ3h2dm1FMmFRQXpUL0VTaUMvNnJ2QWdNQkFBR2pXVEJYTUE0R0ExVWREd0VCL3dRRUF3SUNwREFQCkJnTlZIUk1CQWY4RUJUQURBUUgvTUIwR0ExVWREZ1FXQkJUaHd1T05rNi83K1ZodmFPakg0dkxBNjN1RmdUQVYKQmdOVkhSRUVEakFNZ2dwcmRXSmxjbTVsZEdWek1BMEdDU3FHU0liM0RRRUJDd1VBQTRJQkFRQTZONkhIUHJEWgpDS0hRa1FXMEFBSCtKL1dtZU5YMUV1bTlRRWlPQXcrZU5heHJtOXIyTWhFcnNMb0V1eTRRenh6Z1pab0t0VVQyCm5lQi9YQnAyY1hQYlRrRktJK3JNaWw3TDNVcmhQajBaWEczYVRYdHhqcDJQdGJ5QzNJUVNKT2h4RUwxS0dlT2gKM0d4YWNmLzJGUHlaWG9KK0c3bVdHTkNTR3RoTFBkT09xNHlsVXhRWmo5d2hvUUJZVTF5T0JQQ01FR0VNMWQvagpLd3pDZ2lKcGdSTkEyMVR2RkZKU255Q3IvZmdKRXlvZjMwODhUVDVKSkozTUZZdllhNGJsVWhtODFpaElpdjdtCkRtMVZOVW1BdkNMWkMwL2hTRzNHbGMzUTNpMXBRTzhCdHlFeWxoYlZpNVdqdFBRM0lDS3BnQ3FQSGI4R0pBbDUKV09qMnVmSHBCbnV6Ci0tLS0tRU5EIENFUlRJRklDQVRFLS0tLS0K"
              }
            ],
            "cluster_id": null,
            "created_at": "2024-05-04 07:55:12.445 +0000 UTC",
            "enabled_cluster_log_types": [
              "api",
              "audit",
              "authenticator",
              "controllerManager",
              "scheduler"
            ],
            "endpoint": "https://0EE1B9E6A8C0E7D110CD1D3F2EF3D249.gr7.us-east-1.eks.amazonaws.com",
            "id": "hr-dev-eksdemo1",
            "identity": [
              {
                "oidc": [
                  {
                    "issuer": "https://oidc.eks.us-east-1.amazonaws.com/id/0EE1B9E6A8C0E7D110CD1D3F2EF3D249"
                  }
                ]
              }
            ],
            "kubernetes_network_config": [
              {
                "ip_family": "ipv4",
                "service_ipv4_cidr": "172.20.0.0/16",
                "service_ipv6_cidr": ""
              }
            ],
            "name": "hr-dev-eksdemo1",
            "outpost_config": [],
            "platform_version": "eks.12",
            "role_arn": "arn:aws:iam::262485716661:role/hr-dev-eks-master-role",
            "status": "ACTIVE",
            "tags": {},
            "version": "1.28",
            "vpc_config": [
              {
                "cluster_security_group_id": "sg-030b5649e2bdc5b31",
                "endpoint_private_access": false,
                "endpoint_public_access": true,
                "public_access_cidrs": [
                  "0.0.0.0/0"
                ],
                "security_group_ids": [],
                "subnet_ids": [
                  "subnet-02842f6b6805b1670",
                  "subnet-0c461ec7b16f4bc15"
                ],
                "vpc_id": "vpc-0d3c50e05b3eba38f"
              }
            ]
          },
          "sensitive_attributes": []
        }
      ]
    },
    {
      "mode": "data",
      "type": "aws_eks_cluster_auth",
      "name": "cluster",
      "provider": "provider[\"registry.terraform.io/hashicorp/aws\"]",
      "instances": [
        {
          "schema_version": 0,
          "attributes": {
            "id": "hr-dev-eksdemo1",
            "name": "hr-dev-eksdemo1",
            "token": "k8s-aws-v1.aHR0cHM6Ly9zdHMudXMtZWFzdC0xLmFtYXpvbmF3cy5jb20vP0FjdGlvbj1HZXRDYWxsZXJJZGVudGl0eSZWZXJzaW9uPTIwMTEtMDYtMTUmWC1BbXotQWxnb3JpdGhtPUFXUzQtSE1BQy1TSEEyNTYmWC1BbXotQ3JlZGVudGlhbD1BS0lBVDJISzZGMjJWSUw2RVRCVyUyRjIwMjQwNTA0JTJGdXMtZWFzdC0xJTJGc3RzJTJGYXdzNF9yZXF1ZXN0JlgtQW16LURhdGU9MjAyNDA1MDRUMTAyNzE5WiZYLUFtei1FeHBpcmVzPTAmWC1BbXotU2lnbmVkSGVhZGVycz1ob3N0JTNCeC1rOHMtYXdzLWlkJlgtQW16LVNpZ25hdHVyZT05Y2VhMjlkNWY4MGU1ZWFlYWZjNWZmOGNjZjgxMGQwZTU3Mjc1NzlhNWMyYjMzYmQyNWJkOTYzMzE4NTE3NDA1"
          },
          "sensitive_attributes": []
        }
      ]
    },
    {
      "mode": "data",
      "type": "terraform_remote_state",
      "name": "eks",
      "provider": "provider[\"terraform.io/builtin/terraform\"]",
      "instances": [
        {
          "schema_version": 0,
          "attributes": {
            "backend": "s3",
            "config": {
              "value": {
                "bucket": "terraform-on-aws-eks-kemgou",
                "key": "dev/eks-cluster/terraform.tfstate",
                "region": "us-east-1"
              },
              "type": [
                "object",
                {
                  "bucket": "string",
                  "key": "string",
                  "region": "string"
                }
              ]
            },
            "defaults": null,
            "outputs": {
              "value": {
                "aws_iam_openid_connect_provider_arn": "arn:aws:iam::262485716661:oidc-provider/oidc.eks.us-east-1.amazonaws.com/id/0EE1B9E6A8C0E7D110CD1D3F2EF3D249",
                "aws_iam_openid_connect_provider_extract_from_arn": "oidc.eks.us-east-1.amazonaws.com/id/0EE1B9E6A8C0E7D110CD1D3F2EF3D249",
                "azs": [
                  "us-east-1a",
                  "us-east-1b",
                  "us-east-1c",
                  "us-east-1d",
                  "us-east-1e",
                  "us-east-1f"
                ],
                "cluster_arn": "arn:aws:eks:us-east-1:262485716661:cluster/hr-dev-eksdemo1",
                "cluster_certificate_authority_data": "LS0tLS1CRUdJTiBDRVJUSUZJQ0FURS0tLS0tCk1JSURCVENDQWUyZ0F3SUJBZ0lJQ1RtMlBuUjJ4NG93RFFZSktvWklodmNOQVFFTEJRQXdGVEVUTUJFR0ExVUUKQXhNS2EzVmlaWEp1WlhSbGN6QWVGdzB5TkRBMU1EUXdOelUxTVROYUZ3MHpOREExTURJd09EQXdNVE5hTUJVeApFekFSQmdOVkJBTVRDbXQxWW1WeWJtVjBaWE13Z2dFaU1BMEdDU3FHU0liM0RRRUJBUVVBQTRJQkR3QXdnZ0VLCkFvSUJBUUM2aUtXdUltL0piV2lHQ1FVazBycFdMSHcvQ1haNDYzMmVQNi9pTTdzNnBvOCsrWUovS0gwSmpnOTAKeDUrN1l4eGU2TGVQRHg5UGRabjNqZ2lQRHpmdS9oZlhmdlJzY01kN0ZhejRxc0NkWThzZjJHVUc0YUVPUUZNRQpjWFBoekVubFpzbldjNGlZMExMbWtmMk0wL01Sd3A2ZHNzOGFyR0R0ZGNtTitKL3E5N2RoWU81MTU5WmJvTDVFCnl3a3Btcy9ocXN2aitmeGVwR0hoanF5UTdlTlpwVW5SVVhkck9aOWtVdEh0V0RlTW9VcmtGRDJVTC9yaHhEcHgKaU8yUnZHTGNRSG9NODFyVkJqNTBXM3k5VEcwU2hGb3BBOCtTenpnbU10VGxRRmF0V2ptWXY2NUg1cGdVSU1xaAoyUWFuOFNFQ3h2dm1FMmFRQXpUL0VTaUMvNnJ2QWdNQkFBR2pXVEJYTUE0R0ExVWREd0VCL3dRRUF3SUNwREFQCkJnTlZIUk1CQWY4RUJUQURBUUgvTUIwR0ExVWREZ1FXQkJUaHd1T05rNi83K1ZodmFPakg0dkxBNjN1RmdUQVYKQmdOVkhSRUVEakFNZ2dwcmRXSmxjbTVsZEdWek1BMEdDU3FHU0liM0RRRUJDd1VBQTRJQkFRQTZONkhIUHJEWgpDS0hRa1FXMEFBSCtKL1dtZU5YMUV1bTlRRWlPQXcrZU5heHJtOXIyTWhFcnNMb0V1eTRRenh6Z1pab0t0VVQyCm5lQi9YQnAyY1hQYlRrRktJK3JNaWw3TDNVcmhQajBaWEczYVRYdHhqcDJQdGJ5QzNJUVNKT2h4RUwxS0dlT2gKM0d4YWNmLzJGUHlaWG9KK0c3bVdHTkNTR3RoTFBkT09xNHlsVXhRWmo5d2hvUUJZVTF5T0JQQ01FR0VNMWQvagpLd3pDZ2lKcGdSTkEyMVR2RkZKU255Q3IvZmdKRXlvZjMwODhUVDVKSkozTUZZdllhNGJsVWhtODFpaElpdjdtCkRtMVZOVW1BdkNMWkMwL2hTRzNHbGMzUTNpMXBRTzhCdHlFeWxoYlZpNVdqdFBRM0lDS3BnQ3FQSGI4R0pBbDUKV09qMnVmSHBCbnV6Ci0tLS0tRU5EIENFUlRJRklDQVRFLS0tLS0K",
                "cluster_endpoint": "https://0EE1B9E6A8C0E7D110CD1D3F2EF3D249.gr7.us-east-1.eks.amazonaws.com",
                "cluster_iam_role_arn": "arn:aws:iam::262485716661:role/hr-dev-eks-master-role",
                "cluster_iam_role_name": "hr-dev-eks-master-role",
                "cluster_id": "hr-dev-eksdemo1",
                "cluster_oidc_issuer_url": "https://oidc.eks.us-east-1.amazonaws.com/id/0EE1B9E6A8C0E7D110CD1D3F2EF3D249",
                "cluster_primary_security_group_id": "sg-030b5649e2bdc5b31",
                "cluster_version": "1.28",
                "nat_public_ips": [
                  "52.205.43.57"
                ],
                "node_group_public_blue_arn": "arn:aws:eks:us-east-1:262485716661:nodegroup/hr-dev-eksdemo1/hr-dev-eks-ng-public_blue/fcc7a150-fdc3-12ce-66f7-2e041a97a0e9",
                "node_group_public_blue_id": "hr-dev-eksdemo1:hr-dev-eks-ng-public_blue",
                "node_group_public_blue_status": "ACTIVE",
                "node_group_public_blue_version": "1.28",
                "node_group_public_green_arn": "arn:aws:eks:us-east-1:262485716661:nodegroup/hr-dev-eksdemo1/hr-dev-eks-ng-public_green/18c7a150-fdd8-2297-3f5c-0f28e40860fc",
                "node_group_public_green_id": "hr-dev-eksdemo1:hr-dev-eks-ng-public_green",
                "node_group_public_green_status": "ACTIVE",
                "node_group_public_green_version": "1.28",
                "nodegroup_iam_role_arn": "arn:aws:iam::262485716661:role/hr-dev-eks-nodegroup-role",
                "private_subnets": [
                  "subnet-0c9fae6577553a876",
                  "subnet-05d5e9aac8035f176"
                ],
                "public_subnets": [
                  "subnet-02842f6b6805b1670",
                  "subnet-0c461ec7b16f4bc15"
                ],
                "vpc_cidr_block": "10.0.0.0/16",
                "vpc_id": "vpc-0d3c50e05b3eba38f"
              },
              "type": [
                "object",
                {
                  "aws_iam_openid_connect_provider_arn": "string",
                  "aws_iam_openid_connect_provider_extract_from_arn": "string",
                  "azs": [
                    "list",
                    "string"
                  ],
                  "cluster_arn": "string",
                  "cluster_certificate_authority_data": "string",
                  "cluster_endpoint": "string",
                  "cluster_iam_role_arn": "string",
                  "cluster_iam_role_name": "string",
                  "cluster_id": "string",
                  "cluster_oidc_issuer_url": "string",
                  "cluster_primary_security_group_id": "string",
                  "cluster_version": "string",
                  "nat_public_ips": [
                    "list",
                    "string"
                  ],
                  "node_group_public_blue_arn": "string",
                  "node_group_public_blue_id": "string",
                  "node_group_public_blue_status": "string",
                  "node_group_public_blue_version": "string",
                  "node_group_public_green_arn": "string",
                  "node_group_public_green_id": "string",
                  "node_group_public_green_status": "string",
                  "node_group_public_green_version": "string",
                  "nodegroup_iam_role_arn": "string",
                  "private_subnets": [
                    "tuple",
                    [
                      "string",
                      "string"
                    ]
                  ],
                  "public_subnets": [
                    "tuple",
                    [
                      "string",
                      "string"
                    ]
                  ],
                  "vpc_cidr_block": "string",
                  "vpc_id": "string"
                }
              ]
            },
            "workspace": null
          },
          "sensitive_attributes": []
        }
      ]
    },
    {
      "mode": "managed",
      "type": "aws_iam_group",
      "name": "eksadmins_iam_group",
      "provider": "provider[\"registry.terraform.io/hashicorp/aws\"]",
      "instances": [
        {
          "schema_version": 0,
          "attributes": {
            "arn": "arn:aws:iam::262485716661:group/hr-dev-eksadmins",
            "id": "hr-dev-eksadmins",
            "name": "hr-dev-eksadmins",
            "path": "/",
            "unique_id": "AGPAT2HK6F224MK7NOELB"
          },
          "sensitive_attributes": [],
          "private": "bnVsbA=="
        }
      ]
    },
    {
      "mode": "managed",
      "type": "aws_iam_group_membership",
      "name": "eksadmins",
      "provider": "provider[\"registry.terraform.io/hashicorp/aws\"]",
      "instances": [
        {
          "schema_version": 0,
          "attributes": {
            "group": "hr-dev-eksadmins",
            "id": "hr-dev-eksadmins-group-membership",
            "name": "hr-dev-eksadmins-group-membership",
            "users": [
              "hr-dev-eksadmin3"
            ]
          },
          "sensitive_attributes": [],
          "private": "bnVsbA==",
          "dependencies": [
            "aws_iam_group.eksadmins_iam_group",
            "aws_iam_user.eksadmin_user"
          ]
        }
      ]
    },
    {
      "mode": "managed",
      "type": "aws_iam_group_policy",
      "name": "eksadmins_iam_group_assumerole_policy",
      "provider": "provider[\"registry.terraform.io/hashicorp/aws\"]",
      "instances": [
        {
          "schema_version": 0,
          "attributes": {
            "group": "hr-dev-eksadmins",
            "id": "hr-dev-eksadmins:hr-dev-eksadmins-group-policy",
            "name": "hr-dev-eksadmins-group-policy",
            "name_prefix": "",
            "policy": "{\"Version\":\"2012-10-17\",\"Statement\":[{\"Action\":[\"sts:AssumeRole\"],\"Effect\":\"Allow\",\"Resource\":\"arn:aws:iam::262485716661:role/hr-dev-eks-admin-role\",\"Sid\":\"AllowAssumeOrganizationAccountRole\"}]}"
          },
          "sensitive_attributes": [],
          "private": "bnVsbA==",
          "dependencies": [
            "aws_iam_group.eksadmins_iam_group",
            "aws_iam_role.eks_admin_role",
            "data.aws_caller_identity.current"
          ]
        }
      ]
    },
    {
      "mode": "managed",
      "type": "aws_iam_role",
      "name": "eks_admin_role",
      "provider": "provider[\"registry.terraform.io/hashicorp/aws\"]",
      "instances": [
        {
          "schema_version": 0,
          "attributes": {
            "arn": "arn:aws:iam::262485716661:role/hr-dev-eks-admin-role",
            "assume_role_policy": "{\"Statement\":[{\"Action\":\"sts:AssumeRole\",\"Effect\":\"Allow\",\"Principal\":{\"AWS\":\"arn:aws:iam::262485716661:root\"},\"Sid\":\"\"}],\"Version\":\"2012-10-17\"}",
            "create_date": "2024-05-04T09:34:03Z",
            "description": "",
            "force_detach_policies": false,
            "id": "hr-dev-eks-admin-role",
            "inline_policy": [
              {
                "name": "eks-full-access-policy",
                "policy": "{\"Version\":\"2012-10-17\",\"Statement\":[{\"Action\":[\"iam:ListRoles\",\"eks:*\",\"ssm:GetParameter\"],\"Effect\":\"Allow\",\"Resource\":\"*\"}]}"
              }
            ],
            "managed_policy_arns": [],
            "max_session_duration": 3600,
            "name": "hr-dev-eks-admin-role",
            "name_prefix": "",
            "path": "/",
            "permissions_boundary": "",
            "tags": {
              "tag-key": "hr-dev-eks-admin-role"
            },
            "tags_all": {
              "tag-key": "hr-dev-eks-admin-role"
            },
            "unique_id": "AROAT2HK6F22Q5D44Q6SW"
          },
          "sensitive_attributes": [],
          "private": "bnVsbA==",
          "dependencies": [
            "data.aws_caller_identity.current"
          ]
        }
      ]
    },
    {
      "mode": "managed",
      "type": "aws_iam_user",
      "name": "admin_user",
      "provider": "provider[\"registry.terraform.io/hashicorp/aws\"]",
      "instances": [
        {
          "schema_version": 0,
          "attributes": {
            "arn": "arn:aws:iam::262485716661:user/hr-dev-eksadmin1",
            "force_destroy": true,
            "id": "hr-dev-eksadmin1",
            "name": "hr-dev-eksadmin1",
            "path": "/",
            "permissions_boundary": "",
            "tags": {
              "environment": "dev",
              "owners": "hr"
            },
            "tags_all": {
              "environment": "dev",
              "owners": "hr"
            },
            "unique_id": "AIDAT2HK6F22QLW7R7WJK"
          },
          "sensitive_attributes": [],
          "private": "bnVsbA=="
        }
      ]
    },
    {
      "mode": "managed",
      "type": "aws_iam_user",
      "name": "basic_user",
      "provider": "provider[\"registry.terraform.io/hashicorp/aws\"]",
      "instances": [
        {
          "schema_version": 0,
          "attributes": {
            "arn": "arn:aws:iam::262485716661:user/hr-dev-eksadmin2",
            "force_destroy": true,
            "id": "hr-dev-eksadmin2",
            "name": "hr-dev-eksadmin2",
            "path": "/",
            "permissions_boundary": "",
            "tags": {
              "environment": "dev",
              "owners": "hr"
            },
            "tags_all": {
              "environment": "dev",
              "owners": "hr"
            },
            "unique_id": "AIDAT2HK6F22WKTVFG65J"
          },
          "sensitive_attributes": [],
          "private": "bnVsbA=="
        }
      ]
    },
    {
      "mode": "managed",
      "type": "aws_iam_user",
      "name": "eksadmin_user",
      "provider": "provider[\"registry.terraform.io/hashicorp/aws\"]",
      "instances": [
        {
          "schema_version": 0,
          "attributes": {
            "arn": "arn:aws:iam::262485716661:user/hr-dev-eksadmin3",
            "force_destroy": true,
            "id": "hr-dev-eksadmin3",
            "name": "hr-dev-eksadmin3",
            "path": "/",
            "permissions_boundary": "",
            "tags": {
              "environment": "dev",
              "owners": "hr"
            },
            "tags_all": {
              "environment": "dev",
              "owners": "hr"
            },
            "unique_id": "AIDAT2HK6F22QDQZDTQQL"
          },
          "sensitive_attributes": [],
          "private": "bnVsbA=="
        }
      ]
    },
    {
      "mode": "managed",
      "type": "aws_iam_user_policy",
      "name": "basic_user_eks_policy",
      "provider": "provider[\"registry.terraform.io/hashicorp/aws\"]",
      "instances": [
        {
          "schema_version": 0,
          "attributes": {
            "id": "hr-dev-eksadmin2:hr-dev-eks-dashboard-full-access-policy",
            "name": "hr-dev-eks-dashboard-full-access-policy",
            "name_prefix": "",
            "policy": "{\"Version\":\"2012-10-17\",\"Statement\":[{\"Action\":[\"iam:ListRoles\",\"eks:*\",\"ssm:GetParameter\"],\"Effect\":\"Allow\",\"Resource\":\"*\"}]}",
            "user": "hr-dev-eksadmin2"
          },
          "sensitive_attributes": [],
          "private": "bnVsbA==",
          "dependencies": [
            "aws_iam_user.basic_user"
          ]
        }
      ]
    },
    {
      "mode": "managed",
      "type": "aws_iam_user_policy_attachment",
      "name": "admin_user",
      "provider": "provider[\"registry.terraform.io/hashicorp/aws\"]",
      "instances": [
        {
          "schema_version": 0,
          "attributes": {
            "id": "hr-dev-eksadmin1-20240504093403648500000001",
            "policy_arn": "arn:aws:iam::aws:policy/AdministratorAccess",
            "user": "hr-dev-eksadmin1"
          },
          "sensitive_attributes": [],
          "private": "bnVsbA==",
          "dependencies": [
            "aws_iam_user.admin_user"
          ]
        }
      ]
    },
    {
      "mode": "managed",
      "type": "kubernetes_config_map_v1",
      "name": "aws_auth",
      "provider": "provider[\"registry.terraform.io/hashicorp/kubernetes\"]",
      "instances": [
        {
          "schema_version": 0,
          "attributes": {
            "binary_data": {},
            "data": {
              "mapRoles": "- \"groups\":\n  - \"system:bootstrappers\"\n  - \"system:nodes\"\n  \"rolearn\": \"arn:aws:iam::262485716661:role/hr-dev-eks-nodegroup-role\"\n  \"username\": \"system:node:{{EC2PrivateDNSName}}\"\n- \"groups\":\n  - \"system:masters\"\n  \"rolearn\": \"arn:aws:iam::262485716661:role/hr-dev-eks-admin-role\"\n  \"username\": \"eks-admin\"\n",
              "mapUsers": "- \"groups\":\n  - \"system:masters\"\n  \"userarn\": \"arn:aws:iam::262485716661:user/hr-dev-eksadmin2\"\n  \"username\": \"hr-dev-eksadmin2\"\n- \"groups\":\n  - \"system:masters\"\n  \"userarn\": \"arn:aws:iam::262485716661:user/hr-dev-eksadmin1\"\n  \"username\": \"hr-dev-eksadmin1\"\n"
            },
            "id": "kube-system/aws-auth",
            "immutable": false,
            "metadata": [
              {
                "annotations": {},
                "generate_name": "",
                "generation": 0,
                "labels": {},
                "name": "aws-auth",
                "namespace": "kube-system",
                "resource_version": "14105",
                "uid": "59d28dfc-b59c-4e78-bdee-dcd7d4512c17"
              }
            ]
          },
          "sensitive_attributes": [],
          "private": "bnVsbA==",
          "dependencies": [
            "aws_iam_role.eks_admin_role",
            "aws_iam_user.admin_user",
            "aws_iam_user.basic_user",
            "data.aws_caller_identity.current",
            "data.aws_eks_cluster_auth.cluster",
            "data.terraform_remote_state.eks"
          ]
        }
      ]
    }
  ],
  "check_results": null
}
